
Microsoft Visual Studio Solution File, Format Version 12.00
# Visual Studio Version 16
VisualStudioVersion = 16.0.28803.452
MinimumVisualStudioVersion = 10.0.40219.1
Project("{FAE04EC0-301F-11D3-BF4B-00C04F79EFBC}") = "Module07", "Module07\Module07.csproj", "{D8EE16A8-6BF8-4761-85DA-C6A589AC9D87}"
EndProject
Global
	GlobalSection(SolutionConfigurationPlatforms) = preSolution
		Debug|Any CPU = Debug|Any CPU
		Release|Any CPU = Release|Any CPU
	EndGlobalSection
	GlobalSection(ProjectConfigurationPlatforms) = postSolution
		{D8EE16A8-6BF8-4761-85DA-C6A589AC9D87}.Debug|Any CPU.ActiveCfg = Debug|Any CPU
		{D8EE16A8-6BF8-4761-85DA-C6A589AC9D87}.Debug|Any CPU.Build.0 = Debug|Any CPU
		{D8EE16A8-6BF8-4761-85DA-C6A589AC9D87}.Release|Any CPU.ActiveCfg = Release|Any CPU
		{D8EE16A8-6BF8-4761-85DA-C6A589AC9D87}.Release|Any CPU.Build.0 = Release|Any CPU
	EndGlobalSection
	GlobalSection(SolutionProperties) = preSolution
		HideSolutionNode = FALSE
	EndGlobalSection
	GlobalSection(ExtensibilityGlobals) = postSolution
		SolutionGuid = {F021449E-83D5-4B94-9079-363715A5C521}
	EndGlobalSection
EndGlobal
